Microsoft Visual Studio Solution File, Format Version 11.00
# Visual C++ Express 2010

Project("{8BC9CEB8-8B4A-11D0-8D11-00A0C91BC942}") = "app", "E:\static-library\app\app.vcxproj", "{4A7689BE-24EC-3305-91C6-40CDBE14DC99}"
EndProject
Project("{8BC9CEB8-8B4A-11D0-8D11-00A0C91BC942}") = "utilitiesLib", "E:\static-library\utilities\utilitiesLib.vcxproj", "{C8CB356B-FDB7-304C-8174-9EA2C2185A59}"
EndProject
Project("{8BC9CEB8-8B4A-11D0-8D11-00A0C91BC942}") = "listLib", "E:\static-library\list\listLib.vcxproj", "{89A903BD-FF11-3F26-8A28-27AEBD24344D}"
EndProject
Project("{8BC9CEB8-8B4A-11D0-8D11-00A0C91BC942}") = "listDll", "E:\static-library\list\listDll.vcxproj", "{9C2B7202-C980-3670-8C30-690659596FB8}"
EndProject
Global
	GlobalSection(SolutionConfigurationPlatforms) = preSolution
		debug|Win32=debug|Win32
		release|Win32=release|Win32
	EndGlobalSection
	GlobalSection(ProjectConfigurationPlatforms) = postSolution
		{4A7689BE-24EC-3305-91C6-40CDBE14DC99}.debug|Win32.ActiveCfg = debug|Win32
		{4A7689BE-24EC-3305-91C6-40CDBE14DC99}.debug|Win32.Build.0 = debug|Win32
		{4A7689BE-24EC-3305-91C6-40CDBE14DC99}.release|Win32.ActiveCfg = release|Win32
		{4A7689BE-24EC-3305-91C6-40CDBE14DC99}.release|Win32.Build.0 = release|Win32
		{C8CB356B-FDB7-304C-8174-9EA2C2185A59}.debug|Win32.ActiveCfg = debug|Win32
		{C8CB356B-FDB7-304C-8174-9EA2C2185A59}.debug|Win32.Build.0 = debug|Win32
		{C8CB356B-FDB7-304C-8174-9EA2C2185A59}.release|Win32.ActiveCfg = release|Win32
		{C8CB356B-FDB7-304C-8174-9EA2C2185A59}.release|Win32.Build.0 = release|Win32
		{89A903BD-FF11-3F26-8A28-27AEBD24344D}.debug|Win32.ActiveCfg = debug|Win32
		{89A903BD-FF11-3F26-8A28-27AEBD24344D}.debug|Win32.Build.0 = debug|Win32
		{89A903BD-FF11-3F26-8A28-27AEBD24344D}.release|Win32.ActiveCfg = release|Win32
		{89A903BD-FF11-3F26-8A28-27AEBD24344D}.release|Win32.Build.0 = release|Win32
		{9C2B7202-C980-3670-8C30-690659596FB8}.debug|Win32.ActiveCfg = debug|Win32
		{9C2B7202-C980-3670-8C30-690659596FB8}.debug|Win32.Build.0 = debug|Win32
		{9C2B7202-C980-3670-8C30-690659596FB8}.release|Win32.ActiveCfg = release|Win32
		{9C2B7202-C980-3670-8C30-690659596FB8}.release|Win32.Build.0 = release|Win32
	EndGlobalSection
	GlobalSection(SolutionProperties) = preSolution
		HideSolutionNode = FALSE
	EndGlobalSection
EndGlobal
